// !$*UTF8*$!
{
	archiveVersion = 1;
	classes = {
	};
	objectVersion = 56;
	objects = {

/* Begin PBXBuildFile section */
		8B4EBA8C2B2E0DE900567CA4 /* AppDelegate.swift in Sources */ = {isa = PBXBuildFile; fileRef = 8B4EBA8B2B2E0DE900567CA4 /* AppDelegate.swift */; };
		8B4EBA8E2B2E0DE900567CA4 /* SceneDelegate.swift in Sources */ = {isa = PBXBuildFile; fileRef = 8B4EBA8D2B2E0DE900567CA4 /* SceneDelegate.swift */; };
		8B4EBA902B2E0DE900567CA4 /* ViewController.swift in Sources */ = {isa = PBXBuildFile; fileRef = 8B4EBA8F2B2E0DE900567CA4 /* ViewController.swift */; };
		8B4EBA952B2E0DEB00567CA4 /* Assets.xcassets in Resources */ = {isa = PBXBuildFile; fileRef = 8B4EBA942B2E0DEB00567CA4 /* Assets.xcassets */; };
		8B4EBA982B2E0DEB00567CA4 /* LaunchScreen.storyboard in Resources */ = {isa = PBXBuildFile; fileRef = 8B4EBA962B2E0DEB00567CA4 /* LaunchScreen.storyboard */; };
		8B4EBAA02B2E101000567CA4 /* TabBar.swift in Sources */ = {isa = PBXBuildFile; fileRef = 8B4EBA9F2B2E101000567CA4 /* TabBar.swift */; };
		8B4EBAA32B2E102B00567CA4 /* SnapKit in Frameworks */ = {isa = PBXBuildFile; productRef = 8B4EBAA22B2E102B00567CA4 /* SnapKit */; };
		8B4EBAA52B2E102B00567CA4 /* SnapKit-Dynamic in Frameworks */ = {isa = PBXBuildFile; productRef = 8B4EBAA42B2E102B00567CA4 /* SnapKit-Dynamic */; };
		8B4EBAA72B2E10F800567CA4 /* MarketView .swift in Sources */ = {isa = PBXBuildFile; fileRef = 8B4EBAA62B2E10F800567CA4 /* MarketView .swift */; };
		8B4EBAA92B2E112C00567CA4 /* BookMark.swift in Sources */ = {isa = PBXBuildFile; fileRef = 8B4EBAA82B2E112C00567CA4 /* BookMark.swift */; };
		8B4EBAAB2B2E113A00567CA4 /* cartView.swift in Sources */ = {isa = PBXBuildFile; fileRef = 8B4EBAAA2B2E113A00567CA4 /* cartView.swift */; };
		8B4EBAAD2B2E117000567CA4 /* natificationView.swift in Sources */ = {isa = PBXBuildFile; fileRef = 8B4EBAAC2B2E117000567CA4 /* natificationView.swift */; };
		8B7990C22B2EE7880051A80E /* TypeCofeeCell.swift in Sources */ = {isa = PBXBuildFile; fileRef = 8B7990C12B2EE7880051A80E /* TypeCofeeCell.swift */; };
		8B7990C42B2F01E80051A80E /* CoffeeMarketCell.swift in Sources */ = {isa = PBXBuildFile; fileRef = 8B7990C32B2F01E80051A80E /* CoffeeMarketCell.swift */; };
		8B7990C62B2F23530051A80E /* SourceForCart.swift in Sources */ = {isa = PBXBuildFile; fileRef = 8B7990C52B2F23530051A80E /* SourceForCart.swift */; };
		8B7990C82B2F267E0051A80E /* BookMarkData.swift in Sources */ = {isa = PBXBuildFile; fileRef = 8B7990C72B2F267E0051A80E /* BookMarkData.swift */; };
		8B7990CA2B2F3B460051A80E /* CartCell.swift in Sources */ = {isa = PBXBuildFile; fileRef = 8B7990C92B2F3B460051A80E /* CartCell.swift */; };
		8B7990CC2B2F597F0051A80E /* natCell.swift in Sources */ = {isa = PBXBuildFile; fileRef = 8B7990CB2B2F597F0051A80E /* natCell.swift */; };
/* End PBXBuildFile section */

/* Begin PBXFileReference section */
		8B4EBA882B2E0DE900567CA4 /* CoffeeOrder.app */ = {isa = PBXFileReference; explicitFileType = wrapper.application; includeInIndex = 0; path = CoffeeOrder.app; sourceTree = BUILT_PRODUCTS_DIR; };
		8B4EBA8B2B2E0DE900567CA4 /* AppDelegate.swift */ = {isa = PBXFileReference; lastKnownFileType = sourcecode.swift; path = AppDelegate.swift; sourceTree = "<group>"; };
		8B4EBA8D2B2E0DE900567CA4 /* SceneDelegate.swift */ = {isa = PBXFileReference; lastKnownFileType = sourcecode.swift; path = SceneDelegate.swift; sourceTree = "<group>"; };
		8B4EBA8F2B2E0DE900567CA4 /* ViewController.swift */ = {isa = PBXFileReference; lastKnownFileType = sourcecode.swift; path = ViewController.swift; sourceTree = "<group>"; };
		8B4EBA942B2E0DEB00567CA4 /* Assets.xcassets */ = {isa = PBXFileReference; lastKnownFileType = folder.assetcatalog; path = Assets.xcassets; sourceTree = "<group>"; };
		8B4EBA972B2E0DEB00567CA4 /* Base */ = {isa = PBXFileReference; lastKnownFileType = file.storyboard; name = Base; path = Base.lproj/LaunchScreen.storyboard; sourceTree = "<group>"; };
		8B4EBA992B2E0DEB00567CA4 /* Info.plist */ = {isa = PBXFileReference; lastKnownFileType = text.plist.xml; path = Info.plist; sourceTree = "<group>"; };
		8B4EBA9F2B2E101000567CA4 /* TabBar.swift */ = {isa = PBXFileReference; lastKnownFileType = sourcecode.swift; path = TabBar.swift; sourceTree = "<group>"; };
		8B4EBAA62B2E10F800567CA4 /* MarketView .swift */ = {isa = PBXFileReference; lastKnownFileType = sourcecode.swift; path = "MarketView .swift"; sourceTree = "<group>"; };
		8B4EBAA82B2E112C00567CA4 /* BookMark.swift */ = {isa = PBXFileReference; lastKnownFileType = sourcecode.swift; path = BookMark.swift; sourceTree = "<group>"; };
		8B4EBAAA2B2E113A00567CA4 /* cartView.swift */ = {isa = PBXFileReference; lastKnownFileType = sourcecode.swift; path = cartView.swift; sourceTree = "<group>"; };
		8B4EBAAC2B2E117000567CA4 /* natificationView.swift */ = {isa = PBXFileReference; lastKnownFileType = sourcecode.swift; path = natificationView.swift; sourceTree = "<group>"; };
		8B7990C12B2EE7880051A80E /* TypeCofeeCell.swift */ = {isa = PBXFileReference; lastKnownFileType = sourcecode.swift; path = TypeCofeeCell.swift; sourceTree = "<group>"; };
		8B7990C32B2F01E80051A80E /* CoffeeMarketCell.swift */ = {isa = PBXFileReference; lastKnownFileType = sourcecode.swift; path = CoffeeMarketCell.swift; sourceTree = "<group>"; };
		8B7990C52B2F23530051A80E /* SourceForCart.swift */ = {isa = PBXFileReference; lastKnownFileType = sourcecode.swift; path = SourceForCart.swift; sourceTree = "<group>"; };
		8B7990C72B2F267E0051A80E /* BookMarkData.swift */ = {isa = PBXFileReference; lastKnownFileType = sourcecode.swift; path = BookMarkData.swift; sourceTree = "<group>"; };
		8B7990C92B2F3B460051A80E /* CartCell.swift */ = {isa = PBXFileReference; lastKnownFileType = sourcecode.swift; path = CartCell.swift; sourceTree = "<group>"; };
		8B7990CB2B2F597F0051A80E /* natCell.swift */ = {isa = PBXFileReference; lastKnownFileType = sourcecode.swift; path = natCell.swift; sourceTree = "<group>"; };
/* End PBXFileReference section */

/* Begin PBXFrameworksBuildPhase section */
		8B4EBA852B2E0DE900567CA4 /* Frameworks */ = {
			isa = PBXFrameworksBuildPhase;
			buildActionMask = 2147483647;
			files = (
				8B4EBAA32B2E102B00567CA4 /* SnapKit in Frameworks */,
				8B4EBAA52B2E102B00567CA4 /* SnapKit-Dynamic in Frameworks */,
			);
			runOnlyForDeploymentPostprocessing = 0;
		};
/* End PBXFrameworksBuildPhase section */

/* Begin PBXGroup section */
		8B4EBA7F2B2E0DE900567CA4 = {
			isa = PBXGroup;
			children = (
				8B4EBA8A2B2E0DE900567CA4 /* CoffeeOrder */,
				8B4EBA892B2E0DE900567CA4 /* Products */,
			);
			sourceTree = "<group>";
		};
		8B4EBA892B2E0DE900567CA4 /* Products */ = {
			isa = PBXGroup;
			children = (
				8B4EBA882B2E0DE900567CA4 /* CoffeeOrder.app */,
			);
			name = Products;
			sourceTree = "<group>";
		};
		8B4EBA8A2B2E0DE900567CA4 /* CoffeeOrder */ = {
			isa = PBXGroup;
			children = (
				8B4EBA8B2B2E0DE900567CA4 /* AppDelegate.swift */,
				8B4EBA8D2B2E0DE900567CA4 /* SceneDelegate.swift */,
				8B4EBA8F2B2E0DE900567CA4 /* ViewController.swift */,
				8B4EBA9F2B2E101000567CA4 /* TabBar.swift */,
				8B4EBAA62B2E10F800567CA4 /* MarketView .swift */,
				8B7990C32B2F01E80051A80E /* CoffeeMarketCell.swift */,
				8B7990C12B2EE7880051A80E /* TypeCofeeCell.swift */,
				8B4EBAA82B2E112C00567CA4 /* BookMark.swift */,
				8B7990C72B2F267E0051A80E /* BookMarkData.swift */,
				8B4EBAAA2B2E113A00567CA4 /* cartView.swift */,
				8B7990C92B2F3B460051A80E /* CartCell.swift */,
				8B7990C52B2F23530051A80E /* SourceForCart.swift */,
				8B4EBAAC2B2E117000567CA4 /* natificationView.swift */,
				8B7990CB2B2F597F0051A80E /* natCell.swift */,
				8B4EBA942B2E0DEB00567CA4 /* Assets.xcassets */,
				8B4EBA962B2E0DEB00567CA4 /* LaunchScreen.storyboard */,
				8B4EBA992B2E0DEB00567CA4 /* Info.plist */,
			);
			path = CoffeeOrder;
			sourceTree = "<group>";
		};
/* End PBXGroup section */

/* Begin PBXNativeTarget section */
		8B4EBA872B2E0DE900567CA4 /* CoffeeOrder */ = {
			isa = PBXNativeTarget;
			buildConfigurationList = 8B4EBA9C2B2E0DEB00567CA4 /* Build configuration list for PBXNativeTarget "CoffeeOrder" */;
			buildPhases = (
				8B4EBA842B2E0DE900567CA4 /* Sources */,
				8B4EBA852B2E0DE900567CA4 /* Frameworks */,
				8B4EBA862B2E0DE900567CA4 /* Resources */,
			);
			buildRules = (
			);
			dependencies = (
			);
			name = CoffeeOrder;
			packageProductDependencies = (
				8B4EBAA22B2E102B00567CA4 /* SnapKit */,
				8B4EBAA42B2E102B00567CA4 /* SnapKit-Dynamic */,
			);
			productName = CoffeeOrder;
			productReference = 8B4EBA882B2E0DE900567CA4 /* CoffeeOrder.app */;
			productType = "com.apple.product-type.application";
		};
/* End PBXNativeTarget section */

/* Begin PBXProject section */
		8B4EBA802B2E0DE900567CA4 /* Project object */ = {
			isa = PBXProject;
			attributes = {
				BuildIndependentTargetsInParallel = 1;
				LastSwiftUpdateCheck = 1500;
				LastUpgradeCheck = 1500;
				TargetAttributes = {
					8B4EBA872B2E0DE900567CA4 = {
						CreatedOnToolsVersion = 15.0.1;
					};
				};
			};
			buildConfigurationList = 8B4EBA832B2E0DE900567CA4 /* Build configuration list for PBXProject "CoffeeOrder" */;
			compatibilityVersion = "Xcode 14.0";
			developmentRegion = en;
			hasScannedForEncodings = 0;
			knownRegions = (
				en,
				Base,
			);
			mainGroup = 8B4EBA7F2B2E0DE900567CA4;
			packageReferences = (
				8B4EBAA12B2E102A00567CA4 /* XCRemoteSwiftPackageReference "SnapKit" */,
			);
			productRefGroup = 8B4EBA892B2E0DE900567CA4 /* Products */;
			projectDirPath = "";
			projectRoot = "";
			targets = (
				8B4EBA872B2E0DE900567CA4 /* CoffeeOrder */,
			);
		};
/* End PBXProject section */

/* Begin PBXResourcesBuildPhase section */
		8B4EBA862B2E0DE900567CA4 /* Resources */ = {
			isa = PBXResourcesBuildPhase;
			buildActionMask = 2147483647;
			files = (
				8B4EBA982B2E0DEB00567CA4 /* LaunchScreen.storyboard in Resources */,
				8B4EBA952B2E0DEB00567CA4 /* Assets.xcassets in Resources */,
			);
			runOnlyForDeploymentPostprocessing = 0;
		};
/* End PBXResourcesBuildPhase section */

/* Begin PBXSourcesBuildPhase section */
		8B4EBA842B2E0DE900567CA4 /* Sources */ = {
			isa = PBXSourcesBuildPhase;
			buildActionMask = 2147483647;
			files = (
				8B4EBA902B2E0DE900567CA4 /* ViewController.swift in Sources */,
				8B7990CC2B2F597F0051A80E /* natCell.swift in Sources */,
				8B4EBA8C2B2E0DE900567CA4 /* AppDelegate.swift in Sources */,
				8B4EBAAB2B2E113A00567CA4 /* cartView.swift in Sources */,
				8B7990C42B2F01E80051A80E /* CoffeeMarketCell.swift in Sources */,
				8B4EBAA72B2E10F800567CA4 /* MarketView .swift in Sources */,
				8B7990C82B2F267E0051A80E /* BookMarkData.swift in Sources */,
				8B7990CA2B2F3B460051A80E /* CartCell.swift in Sources */,
				8B7990C62B2F23530051A80E /* SourceForCart.swift in Sources */,
				8B4EBAA92B2E112C00567CA4 /* BookMark.swift in Sources */,
				8B7990C22B2EE7880051A80E /* TypeCofeeCell.swift in Sources */,
				8B4EBAAD2B2E117000567CA4 /* natificationView.swift in Sources */,
				8B4EBA8E2B2E0DE900567CA4 /* SceneDelegate.swift in Sources */,
				8B4EBAA02B2E101000567CA4 /* TabBar.swift in Sources */,
			);
			runOnlyForDeploymentPostprocessing = 0;
		};
/* End PBXSourcesBuildPhase section */

/* Begin PBXVariantGroup section */
		8B4EBA962B2E0DEB00567CA4 /* LaunchScreen.storyboard */ = {
			isa = PBXVariantGroup;
			children = (
				8B4EBA972B2E0DEB00567CA4 /* Base */,
			);
			name = LaunchScreen.storyboard;
			sourceTree = "<group>";
		};
/* End PBXVariantGroup section */

/* Begin XCBuildConfiguration section */
		8B4EBA9A2B2E0DEB00567CA4 /* Debug */ = {
			isa = XCBuildConfiguration;
			buildSettings = {
				ALWAYS_SEARCH_USER_PATHS = NO;
				ASSETCATALOG_COMPILER_GENERATE_SWIFT_ASSET_SYMBOL_EXTENSIONS = YES;
				CLANG_ANALYZER_NONNULL = YES;
				CLANG_ANALYZER_NUMBER_OBJECT_CONVERSION = YES_AGGRESSIVE;
				CLANG_CXX_LANGUAGE_STANDARD = "gnu++20";
				CLANG_ENABLE_MODULES = YES;
				CLANG_ENABLE_OBJC_ARC = YES;
				CLANG_ENABLE_OBJC_WEAK = YES;
				CLANG_WARN_BLOCK_CAPTURE_AUTORELEASING = YES;
				CLANG_WARN_BOOL_CONVERSION = YES;
				CLANG_WARN_COMMA = YES;
				CLANG_WARN_CONSTANT_CONVERSION = YES;
				CLANG_WARN_DEPRECATED_OBJC_IMPLEMENTATIONS = YES;
				CLANG_WARN_DIRECT_OBJC_ISA_USAGE = YES_ERROR;
				CLANG_WARN_DOCUMENTATION_COMMENTS = YES;
				CLANG_WARN_EMPTY_BODY = YES;
				CLANG_WARN_ENUM_CONVERSION = YES;
				CLANG_WARN_INFINITE_RECURSION = YES;
				CLANG_WARN_INT_CONVERSION = YES;
				CLANG_WARN_NON_LITERAL_NULL_CONVERSION = YES;
				CLANG_WARN_OBJC_IMPLICIT_RETAIN_SELF = YES;
				CLANG_WARN_OBJC_LITERAL_CONVERSION = YES;
				CLANG_WARN_OBJC_ROOT_CLASS = YES_ERROR;
				CLANG_WARN_QUOTED_INCLUDE_IN_FRAMEWORK_HEADER = YES;
				CLANG_WARN_RANGE_LOOP_ANALYSIS = YES;
				CLANG_WARN_STRICT_PROTOTYPES = YES;
				CLANG_WARN_SUSPICIOUS_MOVE = YES;
				CLANG_WARN_UNGUARDED_AVAILABILITY = YES_AGGRESSIVE;
				CLANG_WARN_UNREACHABLE_CODE = YES;
				CLANG_WARN__DUPLICATE_METHOD_MATCH = YES;
				COPY_PHASE_STRIP = NO;
				DEBUG_INFORMATION_FORMAT = dwarf;
				ENABLE_STRICT_OBJC_MSGSEND = YES;
				ENABLE_TESTABILITY = YES;
				ENABLE_USER_SCRIPT_SANDBOXING = YES;
				GCC_C_LANGUAGE_STANDARD = gnu17;
				GCC_DYNAMIC_NO_PIC = NO;
				GCC_NO_COMMON_BLOCKS = YES;
				GCC_OPTIMIZATION_LEVEL = 0;
				GCC_PREPROCESSOR_DEFINITIONS = (
					"DEBUG=1",
					"$(inherited)",
				);
				GCC_WARN_64_TO_32_BIT_CONVERSION = YES;
				GCC_WARN_ABOUT_RETURN_TYPE = YES_ERROR;
				GCC_WARN_UNDECLARED_SELECTOR = YES;
				GCC_WARN_UNINITIALIZED_AUTOS = YES_AGGRESSIVE;
				GCC_WARN_UNUSED_FUNCTION = YES;
				GCC_WARN_UNUSED_VARIABLE = YES;
				IPHONEOS_DEPLOYMENT_TARGET = 17.0;
				LOCALIZATION_PREFERS_STRING_CATALOGS = YES;
				MTL_ENABLE_DEBUG_INFO = INCLUDE_SOURCE;
				MTL_FAST_MATH = YES;
				ONLY_ACTIVE_ARCH = YES;
				SDKROOT = iphoneos;
				SWIFT_ACTIVE_COMPILATION_CONDITIONS = "DEBUG $(inherited)";
				SWIFT_OPTIMIZATION_LEVEL = "-Onone";
			};
			name = Debug;
		};
		8B4EBA9B2B2E0DEB00567CA4 /* Release */ = {
			isa = XCBuildConfiguration;
			buildSettings = {
				ALWAYS_SEARCH_USER_PATHS = NO;
				ASSETCATALOG_COMPILER_GENERATE_SWIFT_ASSET_SYMBOL_EXTENSIONS = YES;
				CLANG_ANALYZER_NONNULL = YES;
				CLANG_ANALYZER_NUMBER_OBJECT_CONVERSION = YES_AGGRESSIVE;
				CLANG_CXX_LANGUAGE_STANDARD = "gnu++20";
				CLANG_ENABLE_MODULES = YES;
				CLANG_ENABLE_OBJC_ARC = YES;
				CLANG_ENABLE_OBJC_WEAK = YES;
				CLANG_WARN_BLOCK_CAPTURE_AUTORELEASING = YES;
				CLANG_WARN_BOOL_CONVERSION = YES;
				CLANG_WARN_COMMA = YES;
				CLANG_WARN_CONSTANT_CONVERSION = YES;
				CLANG_WARN_DEPRECATED_OBJC_IMPLEMENTATIONS = YES;
				CLANG_WARN_DIRECT_OBJC_ISA_USAGE = YES_ERROR;
				CLANG_WARN_DOCUMENTATION_COMMENTS = YES;
				CLANG_WARN_EMPTY_BODY = YES;
				CLANG_WARN_ENUM_CONVERSION = YES;
				CLANG_WARN_INFINITE_RECURSION = YES;
				CLANG_WARN_INT_CONVERSION = YES;
				CLANG_WARN_NON_LITERAL_NULL_CONVERSION = YES;
				CLANG_WARN_OBJC_IMPLICIT_RETAIN_SELF = YES;
				CLANG_WARN_OBJC_LITERAL_CONVERSION = YES;
				CLANG_WARN_OBJC_ROOT_CLASS = YES_ERROR;
				CLANG_WARN_QUOTED_INCLUDE_IN_FRAMEWORK_HEADER = YES;
				CLANG_WARN_RANGE_LOOP_ANALYSIS = YES;
				CLANG_WARN_STRICT_PROTOTYPES = YES;
				CLANG_WARN_SUSPICIOUS_MOVE = YES;
				CLANG_WARN_UNGUARDED_AVAILABILITY = YES_AGGRESSIVE;
				CLANG_WARN_UNREACHABLE_CODE = YES;
				CLANG_WARN__DUPLICATE_METHOD_MATCH = YES;
				COPY_PHASE_STRIP = NO;
				DEBUG_INFORMATION_FORMAT = "dwarf-with-dsym";
				ENABLE_NS_ASSERTIONS = NO;
				ENABLE_STRICT_OBJC_MSGSEND = YES;
				ENABLE_USER_SCRIPT_SANDBOXING = YES;
				GCC_C_LANGUAGE_STANDARD = gnu17;
				GCC_NO_COMMON_BLOCKS = YES;
				GCC_WARN_64_TO_32_BIT_CONVERSION = YES;
				GCC_WARN_ABOUT_RETURN_TYPE = YES_ERROR;
				GCC_WARN_UNDECLARED_SELECTOR = YES;
				GCC_WARN_UNINITIALIZED_AUTOS = YES_AGGRESSIVE;
				GCC_WARN_UNUSED_FUNCTION = YES;
				GCC_WARN_UNUSED_VARIABLE = YES;
				IPHONEOS_DEPLOYMENT_TARGET = 17.0;
				LOCALIZATION_PREFERS_STRING_CATALOGS = YES;
				MTL_ENABLE_DEBUG_INFO = NO;
				MTL_FAST_MATH = YES;
				SDKROOT = iphoneos;
				SWIFT_COMPILATION_MODE = wholemodule;
				VALIDATE_PRODUCT = YES;
			};
			name = Release;
		};
		8B4EBA9D2B2E0DEB00567CA4 /* Debug */ = {
			isa = XCBuildConfiguration;
			buildSettings = {
				ASSETCATALOG_COMPILER_APPICON_NAME = AppIcon;
				ASSETCATALOG_COMPILER_GLOBAL_ACCENT_COLOR_NAME = AccentColor;
				CODE_SIGN_STYLE = Automatic;
				CURRENT_PROJECT_VERSION = 1;
				GENERATE_INFOPLIST_FILE = YES;
				INFOPLIST_FILE = CoffeeOrder/Info.plist;
				INFOPLIST_KEY_UIApplicationSupportsIndirectInputEvents = YES;
				INFOPLIST_KEY_UILaunchStoryboardName = LaunchScreen;
				INFOPLIST_KEY_UIMainStoryboardFile = "";
				INFOPLIST_KEY_UISupportedInterfaceOrientations_iPad = "UIInterfaceOrientationPortrait UIInterfaceOrientationPortraitUpsideDown UIInterfaceOrientationLandscapeLeft UIInterfaceOrientationLandscapeRight";
				INFOPLIST_KEY_UISupportedInterfaceOrientations_iPhone = "UIInterfaceOrientationPortrait UIInterfaceOrientationLandscapeLeft UIInterfaceOrientationLandscapeRight";
				LD_RUNPATH_SEARCH_PATHS = (
					"$(inherited)",
					"@executable_path/Frameworks",
				);
				MARKETING_VERSION = 1.0;
				PRODUCT_BUNDLE_IDENTIFIER = Apple.CoffeeOrder;
				PRODUCT_NAME = "$(TARGET_NAME)";
				SWIFT_EMIT_LOC_STRINGS = YES;
				SWIFT_VERSION = 5.0;
				TARGETED_DEVICE_FAMILY = "1,2";
			};
			name = Debug;
		};
		8B4EBA9E2B2E0DEB00567CA4 /* Release */ = {
			isa = XCBuildConfiguration;
			buildSettings = {
				ASSETCATALOG_COMPILER_APPICON_NAME = AppIcon;
				ASSETCATALOG_COMPILER_GLOBAL_ACCENT_COLOR_NAME = AccentColor;
				CODE_SIGN_STYLE = Automatic;
				CURRENT_PROJECT_VERSION = 1;
				GENERATE_INFOPLIST_FILE = YES;
				INFOPLIST_FILE = CoffeeOrder/Info.plist;
				INFOPLIST_KEY_UIApplicationSupportsIndirectInputEvents = YES;
				INFOPLIST_KEY_UILaunchStoryboardName = LaunchScreen;
				INFOPLIST_KEY_UIMainStoryboardFile = "";
				INFOPLIST_KEY_UISupportedInterfaceOrientations_iPad = "UIInterfaceOrientationPortrait UIInterfaceOrientationPortraitUpsideDown UIInterfaceOrientationLandscapeLeft UIInterfaceOrientationLandscapeRight";
				INFOPLIST_KEY_UISupportedInterfaceOrientations_iPhone = "UIInterfaceOrientationPortrait UIInterfaceOrientationLandscapeLeft UIInterfaceOrientationLandscapeRight";
				LD_RUNPATH_SEARCH_PATHS = (
					"$(inherited)",
					"@executable_path/Frameworks",
				);
				MARKETING_VERSION = 1.0;
				PRODUCT_BUNDLE_IDENTIFIER = Apple.CoffeeOrder;
				PRODUCT_NAME = "$(TARGET_NAME)";
				SWIFT_EMIT_LOC_STRINGS = YES;
				SWIFT_VERSION = 5.0;
				TARGETED_DEVICE_FAMILY = "1,2";
			};
			name = Release;
		};
/* End XCBuildConfiguration section */

/* Begin XCConfigurationList section */
		8B4EBA832B2E0DE900567CA4 /* Build configuration list for PBXProject "CoffeeOrder" */ = {
			isa = XCConfigurationList;
			buildConfigurations = (
				8B4EBA9A2B2E0DEB00567CA4 /* Debug */,
				8B4EBA9B2B2E0DEB00567CA4 /* Release */,
			);
			defaultConfigurationIsVisible = 0;
			defaultConfigurationName = Release;
		};
		8B4EBA9C2B2E0DEB00567CA4 /* Build configuration list for PBXNativeTarget "CoffeeOrder" */ = {
			isa = XCConfigurationList;
			buildConfigurations = (
				8B4EBA9D2B2E0DEB00567CA4 /* Debug */,
				8B4EBA9E2B2E0DEB00567CA4 /* Release */,
			);
			defaultConfigurationIsVisible = 0;
			defaultConfigurationName = Release;
		};
/* End XCConfigurationList section */

/* Begin XCRemoteSwiftPackageReference section */
		8B4EBAA12B2E102A00567CA4 /* XCRemoteSwiftPackageReference "SnapKit" */ = {
			isa = XCRemoteSwiftPackageReference;
			repositoryURL = "https://github.com/SnapKit/SnapKit";
			requirement = {
				kind = upToNextMajorVersion;
				minimumVersion = 5.6.0;
			};
		};
/* End XCRemoteSwiftPackageReference section */

/* Begin XCSwiftPackageProductDependency section */
		8B4EBAA22B2E102B00567CA4 /* SnapKit */ = {
			isa = XCSwiftPackageProductDependency;
			package = 8B4EBAA12B2E102A00567CA4 /* XCRemoteSwiftPackageReference "SnapKit" */;
			productName = SnapKit;
		};
		8B4EBAA42B2E102B00567CA4 /* SnapKit-Dynamic */ = {
			isa = XCSwiftPackageProductDependency;
			package = 8B4EBAA12B2E102A00567CA4 /* XCRemoteSwiftPackageReference "SnapKit" */;
			productName = "SnapKit-Dynamic";
		};
/* End XCSwiftPackageProductDependency section */
	};
	rootObject = 8B4EBA802B2E0DE900567CA4 /* Project object */;
}
